
Microsoft Visual Studio Solution File, Format Version 12.00
# Visual Studio Version 17
VisualStudioVersion = 17.11.35219.272
MinimumVisualStudioVersion = 10.0.40219.1
Project("{FAE04EC0-301F-11D3-BF4B-00C04F79EFBC}") = "BarcodeGenerator", "BarcodeGenerator\BarcodeGenerator.csproj", "{5E0A451F-2A2B-4C5D-90D9-9731A160E9EE}"
EndProject
Global
	GlobalSection(SolutionConfigurationPlatforms) = preSolution
		Debug|Any CPU = Debug|Any CPU
		Release|Any CPU = Release|Any CPU
	EndGlobalSection
	GlobalSection(ProjectConfigurationPlatforms) = postSolution
		{5E0A451F-2A2B-4C5D-90D9-9731A160E9EE}.Debug|Any CPU.ActiveCfg = Debug|Any CPU
		{5E0A451F-2A2B-4C5D-90D9-9731A160E9EE}.Debug|Any CPU.Build.0 = Debug|Any CPU
		{5E0A451F-2A2B-4C5D-90D9-9731A160E9EE}.Release|Any CPU.ActiveCfg = Release|Any CPU
		{5E0A451F-2A2B-4C5D-90D9-9731A160E9EE}.Release|Any CPU.Build.0 = Release|Any CPU
	EndGlobalSection
	GlobalSection(SolutionProperties) = preSolution
		HideSolutionNode = FALSE
	EndGlobalSection
	GlobalSection(ExtensibilityGlobals) = postSolution
		SolutionGuid = {4901CA7F-12E8-4AE9-9928-1615F4274542}
	EndGlobalSection
EndGlobal
